github.com/bytecodealliance/wasmtime-go v0.40.0 h1:7cGLQEctJf09JWBl3Ai0eMl1PTrXVAjkAb27+KHfIq0=
github.com/bytecodealliance/wasmtime-go v0.40.0/go.mod h1:q320gUxqyI8yB+ZqRuaJOEnGkAnHh6WtJjMaT2CW4wI=
github.com/edsrzf/mmap-go v1.0.0/go.mod h1:YO35OhQPt3KJa3ryjFM5Bs14WD66h8eGKpfaBNrHW5M=
github.com/go-interpreter/wagon v0.6.0/go.mod h1:5+b/MBYkclRZngKF5s6qrgWxSLgE9F5dFdO1hAueZLc=
github.com/josharian/intern v1.0.0/go.mod h1:5DoeVV0s6jJacbCEi61lwdGj/aVlrQvzHFFd8Hwg//Y=
github.com/kubewarden/k8s-objects v1.24.0-kw3/go.mod h1:IuIHLG1JtxjC1JnY7SyEEA9MukCh/FACcwpzaBjgdLQ=
github.com/kubewarden/strfmt v0.1.2/go.mod h1:sqLlis8qlm4A4pnZsRyRjNxyH86fiM+7Ee7bO+uJk94=
github.com/mailru/easyjson v0.7.7/go.mod h1:xzfreul335JAWq5oZzymOObrkdz5UnU4kGfJJLY9Nlc=
github.com/tetratelabs/wazero v1.0.0-pre.1 h1:bUZ4vf21c36RmgA3enNOlLgPElEVDYoRJJ9+McRGF6Q=
github.com/tetratelabs/wazero v1.0.0-pre.1/go.mod h1:M8UDNECGm/HVjOfq0EOe4QfCY9Les1eq54IChMLETbc=
github.com/tidwall/gjson v1.14.3 h1:9jvXn7olKEHU1S9vwoMGliaT8jq1vJ7IH/n9zD9Dnlw=
github.com/tidwall/gjson v1.14.3/go.mod h1:/wbyibRr2FHMks5tjHJ5F8dMZh3AcwJEMf5vlfC0lxk=
github.com/tidwall/match v1.1.1 h1:+Ho715JplO36QYgwN9PGYNhgZvoUSc9X2c80KVTi+GA=
github.com/tidwall/match v1.1.1/go.mod h1:eRSPERbgtNPcGhD8UCthc6PmLEQXEWd3PRB5JTxsfmM=
github.com/tidwall/pretty v1.2.0 h1:RWIZEg2iJ8/g6fDDYzMpobmaoGh5OLl4AXtGUGPcqCs=
github.com/tidwall/pretty v1.2.0/go.mod h1:ITEVvHYasfjBbM0u2Pg8T2nJnzm8xPwvNhhsoaGGjNU=
github.com/twitchyliquid64/golang-asm v0.0.0-20190126203739-365674df15fc/go.mod h1:NoCfSFWosfqMqmmD7hApkirIK9ozpHjxRnRxs1l413A=
golang.org/x/sys v0.0.0-20190306220234-b354f8bf4d9e/go.mod h1:STP8DvDyc/dI5b8T5hshtkjS+E42TnysNCUPdjciGhY=
